{
  "name": "cui-core",
  "version": "1.0.0",
  "lockfileVersion": 1,
  "requires": true,
  "dependencies": {
    "commander": {
      "version": "2.20.0",
      "resolved": "https://registry.npmjs.org/commander/-/commander-2.20.0.tgz",
      "integrity": "sha512-7j2y+40w61zy6YC2iRNpUe/NwhNyoXrYpHMrSunaMG64nRnaf96zO/KMQR4OyN/UnE5KLyEBnKHd4aG3rskjpQ==",
      "dev": true
    },
    "initfiles": {
      "version": "1.0.0",
      "resolved": "https://registry.npmjs.org/initfiles/-/initfiles-1.0.0.tgz",
      "integrity": "sha512-le4Sd77UahcCTUoTXyJXHiDjjRyZyLTe28g8t9ICCgzEhfQ/3jMBZ3NYb36Uh+XxF8A4hlWigcyXBTg6i+yfAA==",
      "dev": true,
      "requires": {
        "commander": "^2.20.0",
        "logtick": "^1.0.0",
        "tsharp": "^1.7.3"
      }
    },
    "logtick": {
      "version": "1.0.0",
      "resolved": "https://registry.npmjs.org/logtick/-/logtick-1.0.0.tgz",
      "integrity": "sha512-6HeFt/K94B1fBMzelGW+qo/cGfOLPYvV3Tj0KfZUmY17oduB/Ku1t69N/k6lWafhhoCUbWJltOyfa9RaReNgWg==",
      "dev": true
    },
    "tsharp": {
      "version": "1.7.3",
      "resolved": "https://registry.npmjs.org/tsharp/-/tsharp-1.7.3.tgz",
      "integrity": "sha512-qRleVAep/5MGuGHm+GVWND0zdXBgVZKCbTvJf4W6+QDHdkHTAC3q8o/5EqBd5KrHhuzMaPmPl8aR32yj0Nusew==",
      "dev": true
    },
    "typescript": {
      "version": "3.4.4",
      "resolved": "https://registry.npmjs.org/typescript/-/typescript-3.4.4.tgz",
      "integrity": "sha512-xt5RsIRCEaf6+j9AyOBgvVuAec0i92rgCaS3S+UVf5Z/vF2Hvtsw08wtUTJqp4djwznoAgjSxeCcU4r+CcDBJA==",
      "dev": true
    }
  }
}
